# THIS IS AN AUTOGENERATED FILE. DO NOT EDIT THIS FILE DIRECTLY.
# yarn lockfile v1


"@types/cesium@^1.47.3":
  version "1.47.3"
  resolved "https://registry.yarnpkg.com/@types/cesium/-/cesium-1.47.3.tgz#cfdd9cd46efae252d2ad46ef4afe1bfcbd527e9d"
  integrity sha512-CEvYpOEpnflcF1zgbijWMgYHaAHmyHP/AMDr0AjYedBJjs/m8pgVm5ORKO9TihaUiDS+ay8vk2SHSp2o7Q+4Ow==
